
Microsoft Visual Studio Solution File, Format Version 10.00
# Visual Studio 2008
Project("{8BC9CEB8-8B4A-11D0-8D11-00A0C91BC942}") = "libstpool", "stpool.vcproj", "{0898A3D0-4534-4989-8DA1-C25FD2902117}"
EndProject
Project("{8BC9CEB8-8B4A-11D0-8D11-00A0C91BC942}") = "libstpoolc++", "c++\c++.vcproj", "{762C3E6A-2352-40C2-8E2A-826B5707D61E}"
EndProject
Project("{8BC9CEB8-8B4A-11D0-8D11-00A0C91BC942}") = "demo_win_c", "demo_win_c\demo_win_c.vcproj", "{2566AA68-E547-4A6F-8A5B-C5C4F2732FE7}"
EndProject
Project("{8BC9CEB8-8B4A-11D0-8D11-00A0C91BC942}") = "demo_win_c++", "demo_win_c++\demo_win_c++.vcproj", "{8BAE6007-5461-4D29-8C52-98A20597F2A9}"
EndProject
Project("{8BC9CEB8-8B4A-11D0-8D11-00A0C91BC942}") = "libtevent", "tevent\tevent.vcproj", "{B37586C8-458D-4BD3-8361-4272899F0A46}"
EndProject
Project("{8BC9CEB8-8B4A-11D0-8D11-00A0C91BC942}") = "libmsglog", "msglog\msglog.vcproj", "{96B041DE-B732-4C95-9D31-523E06CA56B3}"
EndProject
Project("{8BC9CEB8-8B4A-11D0-8D11-00A0C91BC942}") = "demo_win_c_timer", "demo_win_c_timer\demo_win_c_timer.vcproj", "{EBA5A84E-592B-4752-BD00-EFD4C0730246}"
EndProject
Global
	GlobalSection(SolutionConfigurationPlatforms) = preSolution
		Debug|Win32 = Debug|Win32
		Release|Win32 = Release|Win32
	EndGlobalSection
	GlobalSection(ProjectConfigurationPlatforms) = postSolution
		{0898A3D0-4534-4989-8DA1-C25FD2902117}.Debug|Win32.ActiveCfg = Debug|x64
		{0898A3D0-4534-4989-8DA1-C25FD2902117}.Debug|Win32.Build.0 = Debug|x64
		{0898A3D0-4534-4989-8DA1-C25FD2902117}.Release|Win32.ActiveCfg = Release|Win32
		{0898A3D0-4534-4989-8DA1-C25FD2902117}.Release|Win32.Build.0 = Release|Win32
		{762C3E6A-2352-40C2-8E2A-826B5707D61E}.Debug|Win32.ActiveCfg = Debug|x64
		{762C3E6A-2352-40C2-8E2A-826B5707D61E}.Debug|Win32.Build.0 = Debug|x64
		{762C3E6A-2352-40C2-8E2A-826B5707D61E}.Release|Win32.ActiveCfg = Release|Win32
		{762C3E6A-2352-40C2-8E2A-826B5707D61E}.Release|Win32.Build.0 = Release|Win32
		{2566AA68-E547-4A6F-8A5B-C5C4F2732FE7}.Debug|Win32.ActiveCfg = Debug|Win32
		{2566AA68-E547-4A6F-8A5B-C5C4F2732FE7}.Release|Win32.ActiveCfg = Release|Win32
		{2566AA68-E547-4A6F-8A5B-C5C4F2732FE7}.Release|Win32.Build.0 = Release|Win32
		{8BAE6007-5461-4D29-8C52-98A20597F2A9}.Debug|Win32.ActiveCfg = Debug|Win32
		{8BAE6007-5461-4D29-8C52-98A20597F2A9}.Release|Win32.ActiveCfg = Release|Win32
		{8BAE6007-5461-4D29-8C52-98A20597F2A9}.Release|Win32.Build.0 = Release|Win32
		{B37586C8-458D-4BD3-8361-4272899F0A46}.Debug|Win32.ActiveCfg = Debug|x64
		{B37586C8-458D-4BD3-8361-4272899F0A46}.Debug|Win32.Build.0 = Debug|x64
		{B37586C8-458D-4BD3-8361-4272899F0A46}.Release|Win32.ActiveCfg = Release|Win32
		{B37586C8-458D-4BD3-8361-4272899F0A46}.Release|Win32.Build.0 = Release|Win32
		{96B041DE-B732-4C95-9D31-523E06CA56B3}.Debug|Win32.ActiveCfg = Debug|x64
		{96B041DE-B732-4C95-9D31-523E06CA56B3}.Debug|Win32.Build.0 = Debug|x64
		{96B041DE-B732-4C95-9D31-523E06CA56B3}.Release|Win32.ActiveCfg = Release|Win32
		{96B041DE-B732-4C95-9D31-523E06CA56B3}.Release|Win32.Build.0 = Release|Win32
		{EBA5A84E-592B-4752-BD00-EFD4C0730246}.Debug|Win32.ActiveCfg = Debug|Win32
		{EBA5A84E-592B-4752-BD00-EFD4C0730246}.Release|Win32.ActiveCfg = Release|Win32
		{EBA5A84E-592B-4752-BD00-EFD4C0730246}.Release|Win32.Build.0 = Release|Win32
	EndGlobalSection
	GlobalSection(SolutionProperties) = preSolution
		HideSolutionNode = FALSE
	EndGlobalSection
EndGlobal
